// !$*UTF8*$!
{
	archiveVersion = 1;
	classes = {
	};
	objectVersion = 46;
	objects = {

/* Begin PBXBuildFile section */
		5A3769A81926AAF20053B3A5 /* Foundation.framework in Frameworks */ = {isa = PBXBuildFile; fileRef = 5A3769A71926AAF20053B3A5 /* Foundation.framework */; };
		5A3769AA1926AAF20053B3A5 /* CoreGraphics.framework in Frameworks */ = {isa = PBXBuildFile; fileRef = 5A3769A91926AAF20053B3A5 /* CoreGraphics.framework */; };
		5A3769AC1926AAF20053B3A5 /* UIKit.framework in Frameworks */ = {isa = PBXBuildFile; fileRef = 5A3769AB1926AAF20053B3A5 /* UIKit.framework */; };
		5A3769B21926AAF20053B3A5 /* InfoPlist.strings in Resources */ = {isa = PBXBuildFile; fileRef = 5A3769B01926AAF20053B3A5 /* InfoPlist.strings */; };
		5A3769B41926AAF20053B3A5 /* main.m in Sources */ = {isa = PBXBuildFile; fileRef = 5A3769B31926AAF20053B3A5 /* main.m */; };
		5A3769B81926AAF20053B3A5 /* AppDelegate.m in Sources */ = {isa = PBXBuildFile; fileRef = 5A3769B71926AAF20053B3A5 /* AppDelegate.m */; };
		5A3769BA1926AAF20053B3A5 /* Images.xcassets in Resources */ = {isa = PBXBuildFile; fileRef = 5A3769B91926AAF20053B3A5 /* Images.xcassets */; };
		5A3769D71926AB0A0053B3A5 /* MapKit.framework in Frameworks */ = {isa = PBXBuildFile; fileRef = 5A3769D61926AB0A0053B3A5 /* MapKit.framework */; };
		5A3769D91926AB110053B3A5 /* CoreLocation.framework in Frameworks */ = {isa = PBXBuildFile; fileRef = 5A3769D81926AB110053B3A5 /* CoreLocation.framework */; };
		5A3769DC1926AB9A0053B3A5 /* WMSOverlay.m in Sources */ = {isa = PBXBuildFile; fileRef = 5A3769DB1926AB9A0053B3A5 /* WMSOverlay.m */; };
		5A3769E01926AC7B0053B3A5 /* WMSOverlayRenderer.m in Sources */ = {isa = PBXBuildFile; fileRef = 5A3769DF1926AC7B0053B3A5 /* WMSOverlayRenderer.m */; };
		5A3769E31926AFA90053B3A5 /* MapViewController.m in Sources */ = {isa = PBXBuildFile; fileRef = 5A3769E21926AFA90053B3A5 /* MapViewController.m */; };
		5A3769FE1926BB070053B3A5 /* NSAlert+MKNetworkKitAdditions.m in Sources */ = {isa = PBXBuildFile; fileRef = 5A3769E91926BB070053B3A5 /* NSAlert+MKNetworkKitAdditions.m */; };
		5A3769FF1926BB070053B3A5 /* NSData+MKBase64.m in Sources */ = {isa = PBXBuildFile; fileRef = 5A3769EB1926BB070053B3A5 /* NSData+MKBase64.m */; };
		5A376A001926BB070053B3A5 /* NSDate+RFC1123.m in Sources */ = {isa = PBXBuildFile; fileRef = 5A3769ED1926BB070053B3A5 /* NSDate+RFC1123.m */; };
		5A376A011926BB070053B3A5 /* NSDictionary+RequestEncoding.m in Sources */ = {isa = PBXBuildFile; fileRef = 5A3769EF1926BB070053B3A5 /* NSDictionary+RequestEncoding.m */; };
		5A376A021926BB070053B3A5 /* NSString+MKNetworkKitAdditions.m in Sources */ = {isa = PBXBuildFile; fileRef = 5A3769F11926BB070053B3A5 /* NSString+MKNetworkKitAdditions.m */; };
		5A376A031926BB070053B3A5 /* UIAlertView+MKNetworkKitAdditions.m in Sources */ = {isa = PBXBuildFile; fileRef = 5A3769F31926BB070053B3A5 /* UIAlertView+MKNetworkKitAdditions.m */; };
		5A376A041926BB070053B3A5 /* UIImageView+MKNetworkKitAdditions.m in Sources */ = {isa = PBXBuildFile; fileRef = 5A3769F51926BB070053B3A5 /* UIImageView+MKNetworkKitAdditions.m */; };
		5A376A051926BB070053B3A5 /* MKNetworkEngine.m in Sources */ = {isa = PBXBuildFile; fileRef = 5A3769F71926BB070053B3A5 /* MKNetworkEngine.m */; };
		5A376A061926BB070053B3A5 /* MKNetworkOperation.m in Sources */ = {isa = PBXBuildFile; fileRef = 5A3769FA1926BB070053B3A5 /* MKNetworkOperation.m */; };
		5A376A071926BB070053B3A5 /* Reachability.m in Sources */ = {isa = PBXBuildFile; fileRef = 5A3769FD1926BB070053B3A5 /* Reachability.m */; };
		5A376A0A1926BB330053B3A5 /* Downloader.m in Sources */ = {isa = PBXBuildFile; fileRef = 5A376A091926BB330053B3A5 /* Downloader.m */; };
		5A376A0D1926BB510053B3A5 /* WebRequestInfo.m in Sources */ = {isa = PBXBuildFile; fileRef = 5A376A0C1926BB510053B3A5 /* WebRequestInfo.m */; };
/* End PBXBuildFile section */

/* Begin PBXFileReference section */
		5A3769A41926AAF20053B3A5 /* WMSOnMapKit.app */ = {isa = PBXFileReference; explicitFileType = wrapper.application; includeInIndex = 0; path = WMSOnMapKit.app; sourceTree = BUILT_PRODUCTS_DIR; };
		5A3769A71926AAF20053B3A5 /* Foundation.framework */ = {isa = PBXFileReference; lastKnownFileType = wrapper.framework; name = Foundation.framework; path = System/Library/Frameworks/Foundation.framework; sourceTree = SDKROOT; };
		5A3769A91926AAF20053B3A5 /* CoreGraphics.framework */ = {isa = PBXFileReference; lastKnownFileType = wrapper.framework; name = CoreGraphics.framework; path = System/Library/Frameworks/CoreGraphics.framework; sourceTree = SDKROOT; };
		5A3769AB1926AAF20053B3A5 /* UIKit.framework */ = {isa = PBXFileReference; lastKnownFileType = wrapper.framework; name = UIKit.framework; path = System/Library/Frameworks/UIKit.framework; sourceTree = SDKROOT; };
		5A3769AF1926AAF20053B3A5 /* WMSOnMapKit-Info.plist */ = {isa = PBXFileReference; lastKnownFileType = text.plist.xml; path = "WMSOnMapKit-Info.plist"; sourceTree = "<group>"; };
		5A3769B11926AAF20053B3A5 /* en */ = {isa = PBXFileReference; lastKnownFileType = text.plist.strings; name = en; path = en.lproj/InfoPlist.strings; sourceTree = "<group>"; };
		5A3769B31926AAF20053B3A5 /* main.m */ = {isa = PBXFileReference; lastKnownFileType = sourcecode.c.objc; path = main.m; sourceTree = "<group>"; };
		5A3769B51926AAF20053B3A5 /* WMSOnMapKit-Prefix.pch */ = {isa = PBXFileReference; lastKnownFileType = sourcecode.c.h; path = "WMSOnMapKit-Prefix.pch"; sourceTree = "<group>"; };
		5A3769B61926AAF20053B3A5 /* AppDelegate.h */ = {isa = PBXFileReference; lastKnownFileType = sourcecode.c.h; path = AppDelegate.h; sourceTree = "<group>"; };
		5A3769B71926AAF20053B3A5 /* AppDelegate.m */ = {isa = PBXFileReference; lastKnownFileType = sourcecode.c.objc; path = AppDelegate.m; sourceTree = "<group>"; };
		5A3769B91926AAF20053B3A5 /* Images.xcassets */ = {isa = PBXFileReference; lastKnownFileType = folder.assetcatalog; path = Images.xcassets; sourceTree = "<group>"; };
		5A3769C01926AAF20053B3A5 /* XCTest.framework */ = {isa = PBXFileReference; lastKnownFileType = wrapper.framework; name = XCTest.framework; path = Library/Frameworks/XCTest.framework; sourceTree = DEVELOPER_DIR; };
		5A3769D61926AB0A0053B3A5 /* MapKit.framework */ = {isa = PBXFileReference; lastKnownFileType = wrapper.framework; name = MapKit.framework; path = System/Library/Frameworks/MapKit.framework; sourceTree = SDKROOT; };
		5A3769D81926AB110053B3A5 /* CoreLocation.framework */ = {isa = PBXFileReference; lastKnownFileType = wrapper.framework; name = CoreLocation.framework; path = System/Library/Frameworks/CoreLocation.framework; sourceTree = SDKROOT; };
		5A3769DA1926AB9A0053B3A5 /* WMSOverlay.h */ = {isa = PBXFileReference; fileEncoding = 4; lastKnownFileType = sourcecode.c.h; path = WMSOverlay.h; sourceTree = "<group>"; };
		5A3769DB1926AB9A0053B3A5 /* WMSOverlay.m */ = {isa = PBXFileReference; fileEncoding = 4; lastKnownFileType = sourcecode.c.objc; path = WMSOverlay.m; sourceTree = "<group>"; };
		5A3769DD1926ABCF0053B3A5 /* MapViewUtils.h */ = {isa = PBXFileReference; lastKnownFileType = sourcecode.c.h; path = MapViewUtils.h; sourceTree = "<group>"; };
		5A3769DE1926AC7B0053B3A5 /* WMSOverlayRenderer.h */ = {isa = PBXFileReference; fileEncoding = 4; lastKnownFileType = sourcecode.c.h; path = WMSOverlayRenderer.h; sourceTree = "<group>"; };
		5A3769DF1926AC7B0053B3A5 /* WMSOverlayRenderer.m */ = {isa = PBXFileReference; fileEncoding = 4; lastKnownFileType = sourcecode.c.objc; path = WMSOverlayRenderer.m; sourceTree = "<group>"; };
		5A3769E11926AFA90053B3A5 /* MapViewController.h */ = {isa = PBXFileReference; fileEncoding = 4; lastKnownFileType = sourcecode.c.h; path = MapViewController.h; sourceTree = "<group>"; };
		5A3769E21926AFA90053B3A5 /* MapViewController.m */ = {isa = PBXFileReference; fileEncoding = 4; lastKnownFileType = sourcecode.c.objc; path = MapViewController.m; sourceTree = "<group>"; };
		5A3769E81926BB070053B3A5 /* NSAlert+MKNetworkKitAdditions.h */ = {isa = PBXFileReference; fileEncoding = 4; lastKnownFileType = sourcecode.c.h; path = "NSAlert+MKNetworkKitAdditions.h"; sourceTree = "<group>"; };
		5A3769E91926BB070053B3A5 /* NSAlert+MKNetworkKitAdditions.m */ = {isa = PBXFileReference; fileEncoding = 4; lastKnownFileType = sourcecode.c.objc; path = "NSAlert+MKNetworkKitAdditions.m"; sourceTree = "<group>"; };
		5A3769EA1926BB070053B3A5 /* NSData+MKBase64.h */ = {isa = PBXFileReference; fileEncoding = 4; lastKnownFileType = sourcecode.c.h; path = "NSData+MKBase64.h"; sourceTree = "<group>"; };
		5A3769EB1926BB070053B3A5 /* NSData+MKBase64.m */ = {isa = PBXFileReference; fileEncoding = 4; lastKnownFileType = sourcecode.c.objc; path = "NSData+MKBase64.m"; sourceTree = "<group>"; };
		5A3769EC1926BB070053B3A5 /* NSDate+RFC1123.h */ = {isa = PBXFileReference; fileEncoding = 4; lastKnownFileType = sourcecode.c.h; path = "NSDate+RFC1123.h"; sourceTree = "<group>"; };
		5A3769ED1926BB070053B3A5 /* NSDate+RFC1123.m */ = {isa = PBXFileReference; fileEncoding = 4; lastKnownFileType = sourcecode.c.objc; path = "NSDate+RFC1123.m"; sourceTree = "<group>"; };
		5A3769EE1926BB070053B3A5 /* NSDictionary+RequestEncoding.h */ = {isa = PBXFileReference; fileEncoding = 4; lastKnownFileType = sourcecode.c.h; path = "NSDictionary+RequestEncoding.h"; sourceTree = "<group>"; };
		5A3769EF1926BB070053B3A5 /* NSDictionary+RequestEncoding.m */ = {isa = PBXFileReference; fileEncoding = 4; lastKnownFileType = sourcecode.c.objc; path = "NSDictionary+RequestEncoding.m"; sourceTree = "<group>"; };
		5A3769F01926BB070053B3A5 /* NSString+MKNetworkKitAdditions.h */ = {isa = PBXFileReference; fileEncoding = 4; lastKnownFileType = sourcecode.c.h; path = "NSString+MKNetworkKitAdditions.h"; sourceTree = "<group>"; };
		5A3769F11926BB070053B3A5 /* NSString+MKNetworkKitAdditions.m */ = {isa = PBXFileReference; fileEncoding = 4; lastKnownFileType = sourcecode.c.objc; path = "NSString+MKNetworkKitAdditions.m"; sourceTree = "<group>"; };
		5A3769F21926BB070053B3A5 /* UIAlertView+MKNetworkKitAdditions.h */ = {isa = PBXFileReference; fileEncoding = 4; lastKnownFileType = sourcecode.c.h; path = "UIAlertView+MKNetworkKitAdditions.h"; sourceTree = "<group>"; };
		5A3769F31926BB070053B3A5 /* UIAlertView+MKNetworkKitAdditions.m */ = {isa = PBXFileReference; fileEncoding = 4; lastKnownFileType = sourcecode.c.objc; path = "UIAlertView+MKNetworkKitAdditions.m"; sourceTree = "<group>"; };
		5A3769F41926BB070053B3A5 /* UIImageView+MKNetworkKitAdditions.h */ = {isa = PBXFileReference; fileEncoding = 4; lastKnownFileType = sourcecode.c.h; path = "UIImageView+MKNetworkKitAdditions.h"; sourceTree = "<group>"; };
		5A3769F51926BB070053B3A5 /* UIImageView+MKNetworkKitAdditions.m */ = {isa = PBXFileReference; fileEncoding = 4; lastKnownFileType = sourcecode.c.objc; path = "UIImageView+MKNetworkKitAdditions.m"; sourceTree = "<group>"; };
		5A3769F61926BB070053B3A5 /* MKNetworkEngine.h */ = {isa = PBXFileReference; fileEncoding = 4; lastKnownFileType = sourcecode.c.h; path = MKNetworkEngine.h; sourceTree = "<group>"; };
		5A3769F71926BB070053B3A5 /* MKNetworkEngine.m */ = {isa = PBXFileReference; fileEncoding = 4; lastKnownFileType = sourcecode.c.objc; path = MKNetworkEngine.m; sourceTree = "<group>"; };
		5A3769F81926BB070053B3A5 /* MKNetworkKit.h */ = {isa = PBXFileReference; fileEncoding = 4; lastKnownFileType = sourcecode.c.h; path = MKNetworkKit.h; sourceTree = "<group>"; };
		5A3769F91926BB070053B3A5 /* MKNetworkOperation.h */ = {isa = PBXFileReference; fileEncoding = 4; lastKnownFileType = sourcecode.c.h; path = MKNetworkOperation.h; sourceTree = "<group>"; };
		5A3769FA1926BB070053B3A5 /* MKNetworkOperation.m */ = {isa = PBXFileReference; fileEncoding = 4; lastKnownFileType = sourcecode.c.objc; path = MKNetworkOperation.m; sourceTree = "<group>"; };
		5A3769FC1926BB070053B3A5 /* Reachability.h */ = {isa = PBXFileReference; fileEncoding = 4; lastKnownFileType = sourcecode.c.h; path = Reachability.h; sourceTree = "<group>"; };
		5A3769FD1926BB070053B3A5 /* Reachability.m */ = {isa = PBXFileReference; fileEncoding = 4; lastKnownFileType = sourcecode.c.objc; path = Reachability.m; sourceTree = "<group>"; };
		5A376A081926BB330053B3A5 /* Downloader.h */ = {isa = PBXFileReference; fileEncoding = 4; lastKnownFileType = sourcecode.c.h; path = Downloader.h; sourceTree = "<group>"; };
		5A376A091926BB330053B3A5 /* Downloader.m */ = {isa = PBXFileReference; fileEncoding = 4; lastKnownFileType = sourcecode.c.objc; path = Downloader.m; sourceTree = "<group>"; };
		5A376A0B1926BB510053B3A5 /* WebRequestInfo.h */ = {isa = PBXFileReference; fileEncoding = 4; lastKnownFileType = sourcecode.c.h; path = WebRequestInfo.h; sourceTree = "<group>"; };
		5A376A0C1926BB510053B3A5 /* WebRequestInfo.m */ = {isa = PBXFileReference; fileEncoding = 4; lastKnownFileType = sourcecode.c.objc; path = WebRequestInfo.m; sourceTree = "<group>"; };
/* End PBXFileReference section */

/* Begin PBXFrameworksBuildPhase section */
		5A3769A11926AAF20053B3A5 /* Frameworks */ = {
			isa = PBXFrameworksBuildPhase;
			buildActionMask = 2147483647;
			files = (
				5A3769D91926AB110053B3A5 /* CoreLocation.framework in Frameworks */,
				5A3769D71926AB0A0053B3A5 /* MapKit.framework in Frameworks */,
				5A3769AA1926AAF20053B3A5 /* CoreGraphics.framework in Frameworks */,
				5A3769AC1926AAF20053B3A5 /* UIKit.framework in Frameworks */,
				5A3769A81926AAF20053B3A5 /* Foundation.framework in Frameworks */,
			);
			runOnlyForDeploymentPostprocessing = 0;
		};
/* End PBXFrameworksBuildPhase section */

/* Begin PBXGroup section */
		5A37699B1926AAF20053B3A5 = {
			isa = PBXGroup;
			children = (
				5A3769AD1926AAF20053B3A5 /* WMSOnMapKit */,
				5A3769A61926AAF20053B3A5 /* Frameworks */,
				5A3769A51926AAF20053B3A5 /* Products */,
			);
			sourceTree = "<group>";
		};
		5A3769A51926AAF20053B3A5 /* Products */ = {
			isa = PBXGroup;
			children = (
				5A3769A41926AAF20053B3A5 /* WMSOnMapKit.app */,
			);
			name = Products;
			sourceTree = "<group>";
		};
		5A3769A61926AAF20053B3A5 /* Frameworks */ = {
			isa = PBXGroup;
			children = (
				5A3769D81926AB110053B3A5 /* CoreLocation.framework */,
				5A3769D61926AB0A0053B3A5 /* MapKit.framework */,
				5A3769A71926AAF20053B3A5 /* Foundation.framework */,
				5A3769A91926AAF20053B3A5 /* CoreGraphics.framework */,
				5A3769AB1926AAF20053B3A5 /* UIKit.framework */,
				5A3769C01926AAF20053B3A5 /* XCTest.framework */,
			);
			name = Frameworks;
			sourceTree = "<group>";
		};
		5A3769AD1926AAF20053B3A5 /* WMSOnMapKit */ = {
			isa = PBXGroup;
			children = (
				5A376A081926BB330053B3A5 /* Downloader.h */,
				5A376A091926BB330053B3A5 /* Downloader.m */,
				5A376A0B1926BB510053B3A5 /* WebRequestInfo.h */,
				5A376A0C1926BB510053B3A5 /* WebRequestInfo.m */,
				5A3769E61926BB070053B3A5 /* MKNetworkKit */,
				5A3769DD1926ABCF0053B3A5 /* MapViewUtils.h */,
				5A3769DE1926AC7B0053B3A5 /* WMSOverlayRenderer.h */,
				5A3769DF1926AC7B0053B3A5 /* WMSOverlayRenderer.m */,
				5A3769DA1926AB9A0053B3A5 /* WMSOverlay.h */,
				5A3769DB1926AB9A0053B3A5 /* WMSOverlay.m */,
				5A3769E11926AFA90053B3A5 /* MapViewController.h */,
				5A3769E21926AFA90053B3A5 /* MapViewController.m */,
				5A3769B61926AAF20053B3A5 /* AppDelegate.h */,
				5A3769B71926AAF20053B3A5 /* AppDelegate.m */,
				5A3769B91926AAF20053B3A5 /* Images.xcassets */,
				5A3769AE1926AAF20053B3A5 /* Supporting Files */,
			);
			path = WMSOnMapKit;
			sourceTree = "<group>";
		};
		5A3769AE1926AAF20053B3A5 /* Supporting Files */ = {
			isa = PBXGroup;
			children = (
				5A3769AF1926AAF20053B3A5 /* WMSOnMapKit-Info.plist */,
				5A3769B01926AAF20053B3A5 /* InfoPlist.strings */,
				5A3769B31926AAF20053B3A5 /* main.m */,
				5A3769B51926AAF20053B3A5 /* WMSOnMapKit-Prefix.pch */,
			);
			name = "Supporting Files";
			sourceTree = "<group>";
		};
		5A3769E61926BB070053B3A5 /* MKNetworkKit */ = {
			isa = PBXGroup;
			children = (
				5A3769E71926BB070053B3A5 /* Categories */,
				5A3769F61926BB070053B3A5 /* MKNetworkEngine.h */,
				5A3769F71926BB070053B3A5 /* MKNetworkEngine.m */,
				5A3769F81926BB070053B3A5 /* MKNetworkKit.h */,
				5A3769F91926BB070053B3A5 /* MKNetworkOperation.h */,
				5A3769FA1926BB070053B3A5 /* MKNetworkOperation.m */,
				5A3769FB1926BB070053B3A5 /* Reachability */,
			);
			path = MKNetworkKit;
			sourceTree = "<group>";
		};
		5A3769E71926BB070053B3A5 /* Categories */ = {
			isa = PBXGroup;
			children = (
				5A3769E81926BB070053B3A5 /* NSAlert+MKNetworkKitAdditions.h */,
				5A3769E91926BB070053B3A5 /* NSAlert+MKNetworkKitAdditions.m */,
				5A3769EA1926BB070053B3A5 /* NSData+MKBase64.h */,
				5A3769EB1926BB070053B3A5 /* NSData+MKBase64.m */,
				5A3769EC1926BB070053B3A5 /* NSDate+RFC1123.h */,
				5A3769ED1926BB070053B3A5 /* NSDate+RFC1123.m */,
				5A3769EE1926BB070053B3A5 /* NSDictionary+RequestEncoding.h */,
				5A3769EF1926BB070053B3A5 /* NSDictionary+RequestEncoding.m */,
				5A3769F01926BB070053B3A5 /* NSString+MKNetworkKitAdditions.h */,
				5A3769F11926BB070053B3A5 /* NSString+MKNetworkKitAdditions.m */,
				5A3769F21926BB070053B3A5 /* UIAlertView+MKNetworkKitAdditions.h */,
				5A3769F31926BB070053B3A5 /* UIAlertView+MKNetworkKitAdditions.m */,
				5A3769F41926BB070053B3A5 /* UIImageView+MKNetworkKitAdditions.h */,
				5A3769F51926BB070053B3A5 /* UIImageView+MKNetworkKitAdditions.m */,
			);
			path = Categories;
			sourceTree = "<group>";
		};
		5A3769FB1926BB070053B3A5 /* Reachability */ = {
			isa = PBXGroup;
			children = (
				5A3769FC1926BB070053B3A5 /* Reachability.h */,
				5A3769FD1926BB070053B3A5 /* Reachability.m */,
			);
			path = Reachability;
			sourceTree = "<group>";
		};
/* End PBXGroup section */

/* Begin PBXNativeTarget section */
		5A3769A31926AAF20053B3A5 /* WMSOnMapKit */ = {
			isa = PBXNativeTarget;
			buildConfigurationList = 5A3769D01926AAF20053B3A5 /* Build configuration list for PBXNativeTarget "WMSOnMapKit" */;
			buildPhases = (
				5A3769A01926AAF20053B3A5 /* Sources */,
				5A3769A11926AAF20053B3A5 /* Frameworks */,
				5A3769A21926AAF20053B3A5 /* Resources */,
			);
			buildRules = (
			);
			dependencies = (
			);
			name = WMSOnMapKit;
			productName = WMSOnMapKit;
			productReference = 5A3769A41926AAF20053B3A5 /* WMSOnMapKit.app */;
			productType = "com.apple.product-type.application";
		};
/* End PBXNativeTarget section */

/* Begin PBXProject section */
		5A37699C1926AAF20053B3A5 /* Project object */ = {
			isa = PBXProject;
			attributes = {
				LastUpgradeCheck = 0510;
				ORGANIZATIONNAME = sumbera;
			};
			buildConfigurationList = 5A37699F1926AAF20053B3A5 /* Build configuration list for PBXProject "WMSOnMapKit" */;
			compatibilityVersion = "Xcode 3.2";
			developmentRegion = English;
			hasScannedForEncodings = 0;
			knownRegions = (
				en,
			);
			mainGroup = 5A37699B1926AAF20053B3A5;
			productRefGroup = 5A3769A51926AAF20053B3A5 /* Products */;
			projectDirPath = "";
			projectRoot = "";
			targets = (
				5A3769A31926AAF20053B3A5 /* WMSOnMapKit */,
			);
		};
/* End PBXProject section */

/* Begin PBXResourcesBuildPhase section */
		5A3769A21926AAF20053B3A5 /* Resources */ = {
			isa = PBXResourcesBuildPhase;
			buildActionMask = 2147483647;
			files = (
				5A3769B21926AAF20053B3A5 /* InfoPlist.strings in Resources */,
				5A3769BA1926AAF20053B3A5 /* Images.xcassets in Resources */,
			);
			runOnlyForDeploymentPostprocessing = 0;
		};
/* End PBXResourcesBuildPhase section */

/* Begin PBXSourcesBuildPhase section */
		5A3769A01926AAF20053B3A5 /* Sources */ = {
			isa = PBXSourcesBuildPhase;
			buildActionMask = 2147483647;
			files = (
				5A3769DC1926AB9A0053B3A5 /* WMSOverlay.m in Sources */,
				5A376A011926BB070053B3A5 /* NSDictionary+RequestEncoding.m in Sources */,
				5A376A051926BB070053B3A5 /* MKNetworkEngine.m in Sources */,
				5A376A041926BB070053B3A5 /* UIImageView+MKNetworkKitAdditions.m in Sources */,
				5A376A071926BB070053B3A5 /* Reachability.m in Sources */,
				5A376A031926BB070053B3A5 /* UIAlertView+MKNetworkKitAdditions.m in Sources */,
				5A376A0D1926BB510053B3A5 /* WebRequestInfo.m in Sources */,
				5A376A0A1926BB330053B3A5 /* Downloader.m in Sources */,
				5A3769B81926AAF20053B3A5 /* AppDelegate.m in Sources */,
				5A3769E31926AFA90053B3A5 /* MapViewController.m in Sources */,
				5A3769FE1926BB070053B3A5 /* NSAlert+MKNetworkKitAdditions.m in Sources */,
				5A3769B41926AAF20053B3A5 /* main.m in Sources */,
				5A3769FF1926BB070053B3A5 /* NSData+MKBase64.m in Sources */,
				5A376A061926BB070053B3A5 /* MKNetworkOperation.m in Sources */,
				5A3769E01926AC7B0053B3A5 /* WMSOverlayRenderer.m in Sources */,
				5A376A021926BB070053B3A5 /* NSString+MKNetworkKitAdditions.m in Sources */,
				5A376A001926BB070053B3A5 /* NSDate+RFC1123.m in Sources */,
			);
			runOnlyForDeploymentPostprocessing = 0;
		};
/* End PBXSourcesBuildPhase section */

/* Begin PBXVariantGroup section */
		5A3769B01926AAF20053B3A5 /* InfoPlist.strings */ = {
			isa = PBXVariantGroup;
			children = (
				5A3769B11926AAF20053B3A5 /* en */,
			);
			name = InfoPlist.strings;
			sourceTree = "<group>";
		};
/* End PBXVariantGroup section */

/* Begin XCBuildConfiguration section */
		5A3769CE1926AAF20053B3A5 /* Debug */ = {
			isa = XCBuildConfiguration;
			buildSettings = {
				ALWAYS_SEARCH_USER_PATHS = NO;
				CLANG_CXX_LANGUAGE_STANDARD = "gnu++0x";
				CLANG_CXX_LIBRARY = "libc++";
				CLANG_ENABLE_MODULES = YES;
				CLANG_ENABLE_OBJC_ARC = YES;
				CLANG_WARN_BOOL_CONVERSION = YES;
				CLANG_WARN_CONSTANT_CONVERSION = YES;
				CLANG_WARN_DIRECT_OBJC_ISA_USAGE = YES_ERROR;
				CLANG_WARN_EMPTY_BODY = YES;
				CLANG_WARN_ENUM_CONVERSION = YES;
				CLANG_WARN_INT_CONVERSION = YES;
				CLANG_WARN_OBJC_ROOT_CLASS = YES_ERROR;
				CLANG_WARN__DUPLICATE_METHOD_MATCH = YES;
				"CODE_SIGN_IDENTITY[sdk=iphoneos*]" = "iPhone Developer";
				COPY_PHASE_STRIP = NO;
				GCC_C_LANGUAGE_STANDARD = gnu99;
				GCC_DYNAMIC_NO_PIC = NO;
				GCC_OPTIMIZATION_LEVEL = 0;
				GCC_PREPROCESSOR_DEFINITIONS = (
					"DEBUG=1",
					"$(inherited)",
				);
				GCC_SYMBOLS_PRIVATE_EXTERN = NO;
				GCC_WARN_64_TO_32_BIT_CONVERSION = YES;
				GCC_WARN_ABOUT_RETURN_TYPE = YES_ERROR;
				GCC_WARN_UNDECLARED_SELECTOR = YES;
				GCC_WARN_UNINITIALIZED_AUTOS = YES_AGGRESSIVE;
				GCC_WARN_UNUSED_FUNCTION = YES;
				GCC_WARN_UNUSED_VARIABLE = YES;
				IPHONEOS_DEPLOYMENT_TARGET = 7.1;
				ONLY_ACTIVE_ARCH = YES;
				SDKROOT = iphoneos;
				TARGETED_DEVICE_FAMILY = "1,2";
			};
			name = Debug;
		};
		5A3769CF1926AAF20053B3A5 /* Release */ = {
			isa = XCBuildConfiguration;
			buildSettings = {
				ALWAYS_SEARCH_USER_PATHS = NO;
				CLANG_CXX_LANGUAGE_STANDARD = "gnu++0x";
				CLANG_CXX_LIBRARY = "libc++";
				CLANG_ENABLE_MODULES = YES;
				CLANG_ENABLE_OBJC_ARC = YES;
				CLANG_WARN_BOOL_CONVERSION = YES;
				CLANG_WARN_CONSTANT_CONVERSION = YES;
				CLANG_WARN_DIRECT_OBJC_ISA_USAGE = YES_ERROR;
				CLANG_WARN_EMPTY_BODY = YES;
				CLANG_WARN_ENUM_CONVERSION = YES;
				CLANG_WARN_INT_CONVERSION = YES;
				CLANG_WARN_OBJC_ROOT_CLASS = YES_ERROR;
				CLANG_WARN__DUPLICATE_METHOD_MATCH = YES;
				"CODE_SIGN_IDENTITY[sdk=iphoneos*]" = "iPhone Developer";
				COPY_PHASE_STRIP = YES;
				ENABLE_NS_ASSERTIONS = NO;
				GCC_C_LANGUAGE_STANDARD = gnu99;
				GCC_WARN_64_TO_32_BIT_CONVERSION = YES;
				GCC_WARN_ABOUT_RETURN_TYPE = YES_ERROR;
				GCC_WARN_UNDECLARED_SELECTOR = YES;
				GCC_WARN_UNINITIALIZED_AUTOS = YES_AGGRESSIVE;
				GCC_WARN_UNUSED_FUNCTION = YES;
				GCC_WARN_UNUSED_VARIABLE = YES;
				IPHONEOS_DEPLOYMENT_TARGET = 7.1;
				SDKROOT = iphoneos;
				TARGETED_DEVICE_FAMILY = "1,2";
				VALIDATE_PRODUCT = YES;
			};
			name = Release;
		};
		5A3769D11926AAF20053B3A5 /* Debug */ = {
			isa = XCBuildConfiguration;
			buildSettings = {
				ASSETCATALOG_COMPILER_APPICON_NAME = AppIcon;
				ASSETCATALOG_COMPILER_LAUNCHIMAGE_NAME = LaunchImage;
				GCC_PRECOMPILE_PREFIX_HEADER = YES;
				GCC_PREFIX_HEADER = "WMSOnMapKit/WMSOnMapKit-Prefix.pch";
				INFOPLIST_FILE = "WMSOnMapKit/WMSOnMapKit-Info.plist";
				PRODUCT_NAME = "$(TARGET_NAME)";
				WRAPPER_EXTENSION = app;
			};
			name = Debug;
		};
		5A3769D21926AAF20053B3A5 /* Release */ = {
			isa = XCBuildConfiguration;
			buildSettings = {
				ASSETCATALOG_COMPILER_APPICON_NAME = AppIcon;
				ASSETCATALOG_COMPILER_LAUNCHIMAGE_NAME = LaunchImage;
				GCC_PRECOMPILE_PREFIX_HEADER = YES;
				GCC_PREFIX_HEADER = "WMSOnMapKit/WMSOnMapKit-Prefix.pch";
				INFOPLIST_FILE = "WMSOnMapKit/WMSOnMapKit-Info.plist";
				PRODUCT_NAME = "$(TARGET_NAME)";
				WRAPPER_EXTENSION = app;
			};
			name = Release;
		};
/* End XCBuildConfiguration section */

/* Begin XCConfigurationList section */
		5A37699F1926AAF20053B3A5 /* Build configuration list for PBXProject "WMSOnMapKit" */ = {
			isa = XCConfigurationList;
			buildConfigurations = (
				5A3769CE1926AAF20053B3A5 /* Debug */,
				5A3769CF1926AAF20053B3A5 /* Release */,
			);
			defaultConfigurationIsVisible = 0;
			defaultConfigurationName = Release;
		};
		5A3769D01926AAF20053B3A5 /* Build configuration list for PBXNativeTarget "WMSOnMapKit" */ = {
			isa = XCConfigurationList;
			buildConfigurations = (
				5A3769D11926AAF20053B3A5 /* Debug */,
				5A3769D21926AAF20053B3A5 /* Release */,
			);
			defaultConfigurationIsVisible = 0;
		};
/* End XCConfigurationList section */
	};
	rootObject = 5A37699C1926AAF20053B3A5 /* Project object */;
}
